
Microsoft Visual Studio Solution File, Format Version 12.00
# Visual Studio Version 17
VisualStudioVersion = 17.2.32630.192
MinimumVisualStudioVersion = 10.0.40219.1
Project("{FAE04EC0-301F-11D3-BF4B-00C04F79EFBC}") = "WinFormsApp01", "WinFormsApp01\WinFormsApp01.csproj", "{EE32E48B-7C9B-4011-9B13-E942EE229CD2}"
EndProject
Project("{FAE04EC0-301F-11D3-BF4B-00C04F79EFBC}") = "WinFormsApp02", "WinFormsApp02\WinFormsApp02.csproj", "{92B724D6-9207-47C8-BF73-E09EDAC174AE}"
EndProject
Project("{FAE04EC0-301F-11D3-BF4B-00C04F79EFBC}") = "WinFormsApp03", "WinFormsApp03\WinFormsApp03.csproj", "{71C1C79D-D879-483E-8F36-C032B6F7DE75}"
EndProject
Project("{FAE04EC0-301F-11D3-BF4B-00C04F79EFBC}") = "WinFormsApp04", "WinFormsApp04\WinFormsApp04.csproj", "{6F59806A-FF82-4D49-AD85-8A33F7D9260D}"
EndProject
Project("{FAE04EC0-301F-11D3-BF4B-00C04F79EFBC}") = "WinFormsApp05", "WinFormsApp05\WinFormsApp05.csproj", "{06515BB6-603F-494B-8F92-C2CD00A9D946}"
EndProject
Project("{FAE04EC0-301F-11D3-BF4B-00C04F79EFBC}") = "WinFormsApp06", "WinFormsApp06\WinFormsApp06.csproj", "{6FE11A71-7025-4965-80AA-0EE0B4F3FA90}"
EndProject
Project("{FAE04EC0-301F-11D3-BF4B-00C04F79EFBC}") = "WinFormsApp07", "WinFormsApp07\WinFormsApp07.csproj", "{443B88F8-D746-4511-979D-56B4F540E4E0}"
EndProject
Project("{FAE04EC0-301F-11D3-BF4B-00C04F79EFBC}") = "WinFormsApp08", "WinFormsApp08\WinFormsApp08.csproj", "{0618D06E-788C-41C0-9F6D-A56595D02B76}"
EndProject
Project("{FAE04EC0-301F-11D3-BF4B-00C04F79EFBC}") = "WinFormsApp09", "WinFormsApp09\WinFormsApp09.csproj", "{0C608E0F-5335-46AD-BE42-C3D4A753E6D6}"
EndProject
Project("{FAE04EC0-301F-11D3-BF4B-00C04F79EFBC}") = "WinFormsApp10", "WinFormsApp10\WinFormsApp10.csproj", "{D287BB81-191E-4790-8BEF-8086AF6E8CE1}"
EndProject
Project("{FAE04EC0-301F-11D3-BF4B-00C04F79EFBC}") = "WinFormsApp11", "WinFormsApp11\WinFormsApp11.csproj", "{4328D9A3-CB64-44A5-8C63-1BCB0CD63EEB}"
EndProject
Project("{FAE04EC0-301F-11D3-BF4B-00C04F79EFBC}") = "WinFormsApp12", "WinFormsApp12\WinFormsApp12.csproj", "{54C4EF5D-C455-4C37-BC12-9FF6F8E93BF2}"
EndProject
Project("{FAE04EC0-301F-11D3-BF4B-00C04F79EFBC}") = "WinFormsApp13", "WinFormsApp13\WinFormsApp13.csproj", "{506BBBB9-8278-4DDE-9CBC-5AF54624C0E5}"
EndProject
Project("{FAE04EC0-301F-11D3-BF4B-00C04F79EFBC}") = "WinFormsApp14", "WinFormsApp14\WinFormsApp14.csproj", "{2B8E1AF4-E98F-4887-B4C2-9990A0B39809}"
EndProject
Project("{FAE04EC0-301F-11D3-BF4B-00C04F79EFBC}") = "WinFormsApp15", "WinFormsApp15\WinFormsApp15.csproj", "{090C009E-5394-487F-957F-98E61DC1EB5E}"
EndProject
Project("{FAE04EC0-301F-11D3-BF4B-00C04F79EFBC}") = "WinFormsApp16", "WinFormsApp16\WinFormsApp16.csproj", "{AB012550-DFAF-4DA3-BD56-DCCEBF1E1A83}"
EndProject
Global
	GlobalSection(SolutionConfigurationPlatforms) = preSolution
		Debug|Any CPU = Debug|Any CPU
		Release|Any CPU = Release|Any CPU
	EndGlobalSection
	GlobalSection(ProjectConfigurationPlatforms) = postSolution
		{EE32E48B-7C9B-4011-9B13-E942EE229CD2}.Debug|Any CPU.ActiveCfg = Debug|Any CPU
		{EE32E48B-7C9B-4011-9B13-E942EE229CD2}.Debug|Any CPU.Build.0 = Debug|Any CPU
		{EE32E48B-7C9B-4011-9B13-E942EE229CD2}.Release|Any CPU.ActiveCfg = Release|Any CPU
		{EE32E48B-7C9B-4011-9B13-E942EE229CD2}.Release|Any CPU.Build.0 = Release|Any CPU
		{92B724D6-9207-47C8-BF73-E09EDAC174AE}.Debug|Any CPU.ActiveCfg = Debug|Any CPU
		{92B724D6-9207-47C8-BF73-E09EDAC174AE}.Debug|Any CPU.Build.0 = Debug|Any CPU
		{92B724D6-9207-47C8-BF73-E09EDAC174AE}.Release|Any CPU.ActiveCfg = Release|Any CPU
		{92B724D6-9207-47C8-BF73-E09EDAC174AE}.Release|Any CPU.Build.0 = Release|Any CPU
		{71C1C79D-D879-483E-8F36-C032B6F7DE75}.Debug|Any CPU.ActiveCfg = Debug|Any CPU
		{71C1C79D-D879-483E-8F36-C032B6F7DE75}.Debug|Any CPU.Build.0 = Debug|Any CPU
		{71C1C79D-D879-483E-8F36-C032B6F7DE75}.Release|Any CPU.ActiveCfg = Release|Any CPU
		{71C1C79D-D879-483E-8F36-C032B6F7DE75}.Release|Any CPU.Build.0 = Release|Any CPU
		{6F59806A-FF82-4D49-AD85-8A33F7D9260D}.Debug|Any CPU.ActiveCfg = Debug|Any CPU
		{6F59806A-FF82-4D49-AD85-8A33F7D9260D}.Debug|Any CPU.Build.0 = Debug|Any CPU
		{6F59806A-FF82-4D49-AD85-8A33F7D9260D}.Release|Any CPU.ActiveCfg = Release|Any CPU
		{6F59806A-FF82-4D49-AD85-8A33F7D9260D}.Release|Any CPU.Build.0 = Release|Any CPU
		{06515BB6-603F-494B-8F92-C2CD00A9D946}.Debug|Any CPU.ActiveCfg = Debug|Any CPU
		{06515BB6-603F-494B-8F92-C2CD00A9D946}.Debug|Any CPU.Build.0 = Debug|Any CPU
		{06515BB6-603F-494B-8F92-C2CD00A9D946}.Release|Any CPU.ActiveCfg = Release|Any CPU
		{06515BB6-603F-494B-8F92-C2CD00A9D946}.Release|Any CPU.Build.0 = Release|Any CPU
		{6FE11A71-7025-4965-80AA-0EE0B4F3FA90}.Debug|Any CPU.ActiveCfg = Debug|Any CPU
		{6FE11A71-7025-4965-80AA-0EE0B4F3FA90}.Debug|Any CPU.Build.0 = Debug|Any CPU
		{6FE11A71-7025-4965-80AA-0EE0B4F3FA90}.Release|Any CPU.ActiveCfg = Release|Any CPU
		{6FE11A71-7025-4965-80AA-0EE0B4F3FA90}.Release|Any CPU.Build.0 = Release|Any CPU
		{443B88F8-D746-4511-979D-56B4F540E4E0}.Debug|Any CPU.ActiveCfg = Debug|Any CPU
		{443B88F8-D746-4511-979D-56B4F540E4E0}.Debug|Any CPU.Build.0 = Debug|Any CPU
		{443B88F8-D746-4511-979D-56B4F540E4E0}.Release|Any CPU.ActiveCfg = Release|Any CPU
		{443B88F8-D746-4511-979D-56B4F540E4E0}.Release|Any CPU.Build.0 = Release|Any CPU
		{0618D06E-788C-41C0-9F6D-A56595D02B76}.Debug|Any CPU.ActiveCfg = Debug|Any CPU
		{0618D06E-788C-41C0-9F6D-A56595D02B76}.Debug|Any CPU.Build.0 = Debug|Any CPU
		{0618D06E-788C-41C0-9F6D-A56595D02B76}.Release|Any CPU.ActiveCfg = Release|Any CPU
		{0618D06E-788C-41C0-9F6D-A56595D02B76}.Release|Any CPU.Build.0 = Release|Any CPU
		{0C608E0F-5335-46AD-BE42-C3D4A753E6D6}.Debug|Any CPU.ActiveCfg = Debug|Any CPU
		{0C608E0F-5335-46AD-BE42-C3D4A753E6D6}.Debug|Any CPU.Build.0 = Debug|Any CPU
		{0C608E0F-5335-46AD-BE42-C3D4A753E6D6}.Release|Any CPU.ActiveCfg = Release|Any CPU
		{0C608E0F-5335-46AD-BE42-C3D4A753E6D6}.Release|Any CPU.Build.0 = Release|Any CPU
		{D287BB81-191E-4790-8BEF-8086AF6E8CE1}.Debug|Any CPU.ActiveCfg = Debug|Any CPU
		{D287BB81-191E-4790-8BEF-8086AF6E8CE1}.Debug|Any CPU.Build.0 = Debug|Any CPU
		{D287BB81-191E-4790-8BEF-8086AF6E8CE1}.Release|Any CPU.ActiveCfg = Release|Any CPU
		{D287BB81-191E-4790-8BEF-8086AF6E8CE1}.Release|Any CPU.Build.0 = Release|Any CPU
		{4328D9A3-CB64-44A5-8C63-1BCB0CD63EEB}.Debug|Any CPU.ActiveCfg = Debug|Any CPU
		{4328D9A3-CB64-44A5-8C63-1BCB0CD63EEB}.Debug|Any CPU.Build.0 = Debug|Any CPU
		{4328D9A3-CB64-44A5-8C63-1BCB0CD63EEB}.Release|Any CPU.ActiveCfg = Release|Any CPU
		{4328D9A3-CB64-44A5-8C63-1BCB0CD63EEB}.Release|Any CPU.Build.0 = Release|Any CPU
		{54C4EF5D-C455-4C37-BC12-9FF6F8E93BF2}.Debug|Any CPU.ActiveCfg = Debug|Any CPU
		{54C4EF5D-C455-4C37-BC12-9FF6F8E93BF2}.Debug|Any CPU.Build.0 = Debug|Any CPU
		{54C4EF5D-C455-4C37-BC12-9FF6F8E93BF2}.Release|Any CPU.ActiveCfg = Release|Any CPU
		{54C4EF5D-C455-4C37-BC12-9FF6F8E93BF2}.Release|Any CPU.Build.0 = Release|Any CPU
		{506BBBB9-8278-4DDE-9CBC-5AF54624C0E5}.Debug|Any CPU.ActiveCfg = Debug|Any CPU
		{506BBBB9-8278-4DDE-9CBC-5AF54624C0E5}.Debug|Any CPU.Build.0 = Debug|Any CPU
		{506BBBB9-8278-4DDE-9CBC-5AF54624C0E5}.Release|Any CPU.ActiveCfg = Release|Any CPU
		{506BBBB9-8278-4DDE-9CBC-5AF54624C0E5}.Release|Any CPU.Build.0 = Release|Any CPU
		{2B8E1AF4-E98F-4887-B4C2-9990A0B39809}.Debug|Any CPU.ActiveCfg = Debug|Any CPU
		{2B8E1AF4-E98F-4887-B4C2-9990A0B39809}.Debug|Any CPU.Build.0 = Debug|Any CPU
		{2B8E1AF4-E98F-4887-B4C2-9990A0B39809}.Release|Any CPU.ActiveCfg = Release|Any CPU
		{2B8E1AF4-E98F-4887-B4C2-9990A0B39809}.Release|Any CPU.Build.0 = Release|Any CPU
		{090C009E-5394-487F-957F-98E61DC1EB5E}.Debug|Any CPU.ActiveCfg = Debug|Any CPU
		{090C009E-5394-487F-957F-98E61DC1EB5E}.Debug|Any CPU.Build.0 = Debug|Any CPU
		{090C009E-5394-487F-957F-98E61DC1EB5E}.Release|Any CPU.ActiveCfg = Release|Any CPU
		{090C009E-5394-487F-957F-98E61DC1EB5E}.Release|Any CPU.Build.0 = Release|Any CPU
		{AB012550-DFAF-4DA3-BD56-DCCEBF1E1A83}.Debug|Any CPU.ActiveCfg = Debug|Any CPU
		{AB012550-DFAF-4DA3-BD56-DCCEBF1E1A83}.Debug|Any CPU.Build.0 = Debug|Any CPU
		{AB012550-DFAF-4DA3-BD56-DCCEBF1E1A83}.Release|Any CPU.ActiveCfg = Release|Any CPU
		{AB012550-DFAF-4DA3-BD56-DCCEBF1E1A83}.Release|Any CPU.Build.0 = Release|Any CPU
	EndGlobalSection
	GlobalSection(SolutionProperties) = preSolution
		HideSolutionNode = FALSE
	EndGlobalSection
	GlobalSection(ExtensibilityGlobals) = postSolution
		SolutionGuid = {7AF033F5-B3B2-464E-8A89-31BEC565A689}
	EndGlobalSection
EndGlobal
