
Microsoft Visual Studio Solution File, Format Version 12.00
# Visual Studio Version 16
VisualStudioVersion = 25.0.1700.5
MinimumVisualStudioVersion = 10.0.40219.1
Project("{FAE04EC0-301F-11D3-BF4B-00C04F79EFBC}") = "Ap01", "Ap01\Ap01.csproj", "{26A29A8F-D55B-4297-8FC3-24F8C0326D25}"
EndProject
Project("{FAE04EC0-301F-11D3-BF4B-00C04F79EFBC}") = "Ap02", "Ap02\Ap02.csproj", "{667289B8-91F7-4461-8D85-818E816AD75C}"
EndProject
Project("{FAE04EC0-301F-11D3-BF4B-00C04F79EFBC}") = "Ap03", "Ap03\Ap03.csproj", "{86B315DC-72E5-4A05-B30A-E8BD8286B8CC}"
EndProject
Project("{FAE04EC0-301F-11D3-BF4B-00C04F79EFBC}") = "Ap04", "Ap04\Ap04.csproj", "{83AF62F8-7AD3-4EAE-B1E3-7D0900597F59}"
EndProject
Project("{FAE04EC0-301F-11D3-BF4B-00C04F79EFBC}") = "Ap05", "Ap05\Ap05.csproj", "{4905A214-AF9E-494F-8726-A46628F914D2}"
EndProject
Project("{FAE04EC0-301F-11D3-BF4B-00C04F79EFBC}") = "Ap06", "Ap06\Ap06.csproj", "{6D9C5A98-AD46-421D-AAE3-02A5C7DE351E}"
EndProject
Project("{FAE04EC0-301F-11D3-BF4B-00C04F79EFBC}") = "Ap07", "Ap07\Ap07.csproj", "{7D52F353-10F7-4032-993C-B2FBA50CB17D}"
EndProject
Project("{FAE04EC0-301F-11D3-BF4B-00C04F79EFBC}") = "Ap08", "Ap08\Ap08.csproj", "{B2FA709E-C424-4E23-B5AF-3643F425E1EB}"
EndProject
Project("{FAE04EC0-301F-11D3-BF4B-00C04F79EFBC}") = "Ap09", "Ap09\Ap09.csproj", "{99AD96E4-93D7-4083-BA61-B5DD2BDB3C8D}"
EndProject
Project("{FAE04EC0-301F-11D3-BF4B-00C04F79EFBC}") = "Ap10", "Ap10\Ap10.csproj", "{26F1CE61-68D2-4E17-A17B-9D42B2B802A1}"
EndProject
Project("{FAE04EC0-301F-11D3-BF4B-00C04F79EFBC}") = "Ap11", "Ap11\Ap11.csproj", "{2FAB1FE2-70E7-4179-A4B5-939425588BDD}"
EndProject
Project("{FAE04EC0-301F-11D3-BF4B-00C04F79EFBC}") = "Ap12", "Ap12\Ap12.csproj", "{3F80DA3F-BCAF-4DD3-BF39-F381AFDB8ADF}"
EndProject
Project("{FAE04EC0-301F-11D3-BF4B-00C04F79EFBC}") = "Ap13", "Ap13\Ap13.csproj", "{446ED96F-BB7F-489C-B341-D644B534270D}"
EndProject
Project("{FAE04EC0-301F-11D3-BF4B-00C04F79EFBC}") = "Ap14", "Ap14\Ap14.csproj", "{F207F923-D96B-4AFB-B9DC-8888CE6AF6F4}"
EndProject
Global
	GlobalSection(SolutionConfigurationPlatforms) = preSolution
		Debug|Any CPU = Debug|Any CPU
		Release|Any CPU = Release|Any CPU
	EndGlobalSection
	GlobalSection(ProjectConfigurationPlatforms) = postSolution
		{26A29A8F-D55B-4297-8FC3-24F8C0326D25}.Debug|Any CPU.ActiveCfg = Debug|Any CPU
		{26A29A8F-D55B-4297-8FC3-24F8C0326D25}.Debug|Any CPU.Build.0 = Debug|Any CPU
		{26A29A8F-D55B-4297-8FC3-24F8C0326D25}.Release|Any CPU.ActiveCfg = Release|Any CPU
		{26A29A8F-D55B-4297-8FC3-24F8C0326D25}.Release|Any CPU.Build.0 = Release|Any CPU
		{667289B8-91F7-4461-8D85-818E816AD75C}.Debug|Any CPU.ActiveCfg = Debug|Any CPU
		{667289B8-91F7-4461-8D85-818E816AD75C}.Debug|Any CPU.Build.0 = Debug|Any CPU
		{667289B8-91F7-4461-8D85-818E816AD75C}.Release|Any CPU.ActiveCfg = Release|Any CPU
		{667289B8-91F7-4461-8D85-818E816AD75C}.Release|Any CPU.Build.0 = Release|Any CPU
		{86B315DC-72E5-4A05-B30A-E8BD8286B8CC}.Debug|Any CPU.ActiveCfg = Debug|Any CPU
		{86B315DC-72E5-4A05-B30A-E8BD8286B8CC}.Debug|Any CPU.Build.0 = Debug|Any CPU
		{86B315DC-72E5-4A05-B30A-E8BD8286B8CC}.Release|Any CPU.ActiveCfg = Release|Any CPU
		{86B315DC-72E5-4A05-B30A-E8BD8286B8CC}.Release|Any CPU.Build.0 = Release|Any CPU
		{83AF62F8-7AD3-4EAE-B1E3-7D0900597F59}.Debug|Any CPU.ActiveCfg = Debug|Any CPU
		{83AF62F8-7AD3-4EAE-B1E3-7D0900597F59}.Debug|Any CPU.Build.0 = Debug|Any CPU
		{83AF62F8-7AD3-4EAE-B1E3-7D0900597F59}.Release|Any CPU.ActiveCfg = Release|Any CPU
		{83AF62F8-7AD3-4EAE-B1E3-7D0900597F59}.Release|Any CPU.Build.0 = Release|Any CPU
		{4905A214-AF9E-494F-8726-A46628F914D2}.Debug|Any CPU.ActiveCfg = Debug|Any CPU
		{4905A214-AF9E-494F-8726-A46628F914D2}.Debug|Any CPU.Build.0 = Debug|Any CPU
		{4905A214-AF9E-494F-8726-A46628F914D2}.Release|Any CPU.ActiveCfg = Release|Any CPU
		{4905A214-AF9E-494F-8726-A46628F914D2}.Release|Any CPU.Build.0 = Release|Any CPU
		{6D9C5A98-AD46-421D-AAE3-02A5C7DE351E}.Debug|Any CPU.ActiveCfg = Debug|Any CPU
		{6D9C5A98-AD46-421D-AAE3-02A5C7DE351E}.Debug|Any CPU.Build.0 = Debug|Any CPU
		{6D9C5A98-AD46-421D-AAE3-02A5C7DE351E}.Release|Any CPU.ActiveCfg = Release|Any CPU
		{6D9C5A98-AD46-421D-AAE3-02A5C7DE351E}.Release|Any CPU.Build.0 = Release|Any CPU
		{7D52F353-10F7-4032-993C-B2FBA50CB17D}.Debug|Any CPU.ActiveCfg = Debug|Any CPU
		{7D52F353-10F7-4032-993C-B2FBA50CB17D}.Debug|Any CPU.Build.0 = Debug|Any CPU
		{7D52F353-10F7-4032-993C-B2FBA50CB17D}.Release|Any CPU.ActiveCfg = Release|Any CPU
		{7D52F353-10F7-4032-993C-B2FBA50CB17D}.Release|Any CPU.Build.0 = Release|Any CPU
		{B2FA709E-C424-4E23-B5AF-3643F425E1EB}.Debug|Any CPU.ActiveCfg = Debug|Any CPU
		{B2FA709E-C424-4E23-B5AF-3643F425E1EB}.Debug|Any CPU.Build.0 = Debug|Any CPU
		{B2FA709E-C424-4E23-B5AF-3643F425E1EB}.Release|Any CPU.ActiveCfg = Release|Any CPU
		{B2FA709E-C424-4E23-B5AF-3643F425E1EB}.Release|Any CPU.Build.0 = Release|Any CPU
		{99AD96E4-93D7-4083-BA61-B5DD2BDB3C8D}.Debug|Any CPU.ActiveCfg = Debug|Any CPU
		{99AD96E4-93D7-4083-BA61-B5DD2BDB3C8D}.Debug|Any CPU.Build.0 = Debug|Any CPU
		{99AD96E4-93D7-4083-BA61-B5DD2BDB3C8D}.Release|Any CPU.ActiveCfg = Release|Any CPU
		{99AD96E4-93D7-4083-BA61-B5DD2BDB3C8D}.Release|Any CPU.Build.0 = Release|Any CPU
		{26F1CE61-68D2-4E17-A17B-9D42B2B802A1}.Debug|Any CPU.ActiveCfg = Debug|Any CPU
		{26F1CE61-68D2-4E17-A17B-9D42B2B802A1}.Debug|Any CPU.Build.0 = Debug|Any CPU
		{26F1CE61-68D2-4E17-A17B-9D42B2B802A1}.Release|Any CPU.ActiveCfg = Release|Any CPU
		{26F1CE61-68D2-4E17-A17B-9D42B2B802A1}.Release|Any CPU.Build.0 = Release|Any CPU
		{2FAB1FE2-70E7-4179-A4B5-939425588BDD}.Debug|Any CPU.ActiveCfg = Debug|Any CPU
		{2FAB1FE2-70E7-4179-A4B5-939425588BDD}.Debug|Any CPU.Build.0 = Debug|Any CPU
		{2FAB1FE2-70E7-4179-A4B5-939425588BDD}.Release|Any CPU.ActiveCfg = Release|Any CPU
		{2FAB1FE2-70E7-4179-A4B5-939425588BDD}.Release|Any CPU.Build.0 = Release|Any CPU
		{3F80DA3F-BCAF-4DD3-BF39-F381AFDB8ADF}.Debug|Any CPU.ActiveCfg = Debug|Any CPU
		{3F80DA3F-BCAF-4DD3-BF39-F381AFDB8ADF}.Debug|Any CPU.Build.0 = Debug|Any CPU
		{3F80DA3F-BCAF-4DD3-BF39-F381AFDB8ADF}.Release|Any CPU.ActiveCfg = Release|Any CPU
		{3F80DA3F-BCAF-4DD3-BF39-F381AFDB8ADF}.Release|Any CPU.Build.0 = Release|Any CPU
		{446ED96F-BB7F-489C-B341-D644B534270D}.Debug|Any CPU.ActiveCfg = Debug|Any CPU
		{446ED96F-BB7F-489C-B341-D644B534270D}.Debug|Any CPU.Build.0 = Debug|Any CPU
		{446ED96F-BB7F-489C-B341-D644B534270D}.Release|Any CPU.ActiveCfg = Release|Any CPU
		{446ED96F-BB7F-489C-B341-D644B534270D}.Release|Any CPU.Build.0 = Release|Any CPU
		{F207F923-D96B-4AFB-B9DC-8888CE6AF6F4}.Debug|Any CPU.ActiveCfg = Debug|Any CPU
		{F207F923-D96B-4AFB-B9DC-8888CE6AF6F4}.Debug|Any CPU.Build.0 = Debug|Any CPU
		{F207F923-D96B-4AFB-B9DC-8888CE6AF6F4}.Release|Any CPU.ActiveCfg = Release|Any CPU
		{F207F923-D96B-4AFB-B9DC-8888CE6AF6F4}.Release|Any CPU.Build.0 = Release|Any CPU
	EndGlobalSection
	GlobalSection(SolutionProperties) = preSolution
		HideSolutionNode = FALSE
	EndGlobalSection
	GlobalSection(ExtensibilityGlobals) = postSolution
		SolutionGuid = {FCAFB0F8-28CD-4A8F-9A81-BB8CDD534DF3}
	EndGlobalSection
EndGlobal
