
Microsoft Visual Studio Solution File, Format Version 12.00
# Visual Studio Version 16
VisualStudioVersion = 25.0.1700.5
MinimumVisualStudioVersion = 10.0.40219.1
Project("{FAE04EC0-301F-11D3-BF4B-00C04F79EFBC}") = "Ap01", "Ap01\Ap01.csproj", "{C7224802-0482-4F9F-B819-EFCCFEF1F2BE}"
EndProject
Project("{FAE04EC0-301F-11D3-BF4B-00C04F79EFBC}") = "Ap02", "Ap02\Ap02.csproj", "{A2C98156-2000-4D8D-821C-F6A07C8B88E3}"
EndProject
Project("{FAE04EC0-301F-11D3-BF4B-00C04F79EFBC}") = "Ap03", "Ap03\Ap03.csproj", "{25D93E94-410C-410B-ABF1-A2F2C63BC12B}"
EndProject
Project("{FAE04EC0-301F-11D3-BF4B-00C04F79EFBC}") = "Ap04", "Ap04\Ap04.csproj", "{963643F2-8709-4B7F-AD1E-967C7CD83155}"
EndProject
Project("{FAE04EC0-301F-11D3-BF4B-00C04F79EFBC}") = "Ap05", "Ap05\Ap05.csproj", "{213B0A31-9378-4F01-B0C2-72CE316E2587}"
EndProject
Project("{FAE04EC0-301F-11D3-BF4B-00C04F79EFBC}") = "Ap06", "Ap06\Ap06.csproj", "{425E9E6A-0180-48B4-AAE1-61A0BDCD8818}"
EndProject
Project("{FAE04EC0-301F-11D3-BF4B-00C04F79EFBC}") = "Ap07", "Ap07\Ap07.csproj", "{1E621F5E-A56E-427D-8CB3-20AF9678684C}"
EndProject
Project("{FAE04EC0-301F-11D3-BF4B-00C04F79EFBC}") = "Ap08", "Ap08\Ap08.csproj", "{20392E0A-6A61-4BA5-84E2-5193B5A5D0A1}"
EndProject
Project("{FAE04EC0-301F-11D3-BF4B-00C04F79EFBC}") = "Ap09", "Ap09\Ap09.csproj", "{C80A1F57-EF9D-4F73-A684-5372398F1E80}"
EndProject
Project("{FAE04EC0-301F-11D3-BF4B-00C04F79EFBC}") = "Ap10", "Ap10\Ap10.csproj", "{F5673AF6-9238-45B7-978C-A9BF80586F2C}"
EndProject
Project("{FAE04EC0-301F-11D3-BF4B-00C04F79EFBC}") = "Ap11", "Ap11\Ap11.csproj", "{EB5057F3-6079-42E2-82D6-31AFEB2C04DC}"
EndProject
Project("{FAE04EC0-301F-11D3-BF4B-00C04F79EFBC}") = "Ap12", "Ap12\Ap12.csproj", "{281F0916-D3F4-4E19-AA75-327AEF8966B9}"
EndProject
Project("{FAE04EC0-301F-11D3-BF4B-00C04F79EFBC}") = "Ap13", "Ap13\Ap13.csproj", "{C62AF004-A358-4CC3-B273-C8F66F00A693}"
EndProject
Project("{FAE04EC0-301F-11D3-BF4B-00C04F79EFBC}") = "Ap14", "Ap14\Ap14.csproj", "{AC1FC282-AA0C-4A18-8039-37DCEED37D57}"
EndProject
Project("{FAE04EC0-301F-11D3-BF4B-00C04F79EFBC}") = "Ap15", "Ap15\Ap15.csproj", "{84663C17-93A8-40EC-83D5-DD440152993D}"
EndProject
Project("{FAE04EC0-301F-11D3-BF4B-00C04F79EFBC}") = "Ap16", "Ap16\Ap16.csproj", "{1817BF3B-56DB-4137-91EB-7E8E33EF0565}"
EndProject
Project("{FAE04EC0-301F-11D3-BF4B-00C04F79EFBC}") = "Ap17", "Ap17\Ap17.csproj", "{1CFE8D41-8551-4B45-918B-5AF6B403C99A}"
EndProject
Project("{FAE04EC0-301F-11D3-BF4B-00C04F79EFBC}") = "Ap18", "Ap18\Ap18.csproj", "{7E5C4954-E4F6-4085-A467-C888506E2765}"
EndProject
Project("{FAE04EC0-301F-11D3-BF4B-00C04F79EFBC}") = "Ap19", "Ap19\Ap19.csproj", "{30BBAF17-CF78-4B15-81FF-BF853D8AFDF9}"
EndProject
Project("{FAE04EC0-301F-11D3-BF4B-00C04F79EFBC}") = "Ap20", "Ap20\Ap20.csproj", "{D4D69E79-09ED-4131-86EB-1C3DFF1051F3}"
EndProject
Project("{FAE04EC0-301F-11D3-BF4B-00C04F79EFBC}") = "Ap21", "Ap21\Ap21.csproj", "{4B8D5025-0ED3-4634-90FE-A0D03055643B}"
EndProject
Project("{FAE04EC0-301F-11D3-BF4B-00C04F79EFBC}") = "Ap22", "Ap22\Ap22.csproj", "{1977BAAB-F2EB-46BD-9F01-8E2420242B38}"
EndProject
Global
	GlobalSection(SolutionConfigurationPlatforms) = preSolution
		Debug|Any CPU = Debug|Any CPU
		Release|Any CPU = Release|Any CPU
	EndGlobalSection
	GlobalSection(ProjectConfigurationPlatforms) = postSolution
		{C7224802-0482-4F9F-B819-EFCCFEF1F2BE}.Debug|Any CPU.ActiveCfg = Debug|Any CPU
		{C7224802-0482-4F9F-B819-EFCCFEF1F2BE}.Debug|Any CPU.Build.0 = Debug|Any CPU
		{C7224802-0482-4F9F-B819-EFCCFEF1F2BE}.Release|Any CPU.ActiveCfg = Release|Any CPU
		{C7224802-0482-4F9F-B819-EFCCFEF1F2BE}.Release|Any CPU.Build.0 = Release|Any CPU
		{A2C98156-2000-4D8D-821C-F6A07C8B88E3}.Debug|Any CPU.ActiveCfg = Debug|Any CPU
		{A2C98156-2000-4D8D-821C-F6A07C8B88E3}.Debug|Any CPU.Build.0 = Debug|Any CPU
		{A2C98156-2000-4D8D-821C-F6A07C8B88E3}.Release|Any CPU.ActiveCfg = Release|Any CPU
		{A2C98156-2000-4D8D-821C-F6A07C8B88E3}.Release|Any CPU.Build.0 = Release|Any CPU
		{25D93E94-410C-410B-ABF1-A2F2C63BC12B}.Debug|Any CPU.ActiveCfg = Debug|Any CPU
		{25D93E94-410C-410B-ABF1-A2F2C63BC12B}.Debug|Any CPU.Build.0 = Debug|Any CPU
		{25D93E94-410C-410B-ABF1-A2F2C63BC12B}.Release|Any CPU.ActiveCfg = Release|Any CPU
		{25D93E94-410C-410B-ABF1-A2F2C63BC12B}.Release|Any CPU.Build.0 = Release|Any CPU
		{963643F2-8709-4B7F-AD1E-967C7CD83155}.Debug|Any CPU.ActiveCfg = Debug|Any CPU
		{963643F2-8709-4B7F-AD1E-967C7CD83155}.Debug|Any CPU.Build.0 = Debug|Any CPU
		{963643F2-8709-4B7F-AD1E-967C7CD83155}.Release|Any CPU.ActiveCfg = Release|Any CPU
		{963643F2-8709-4B7F-AD1E-967C7CD83155}.Release|Any CPU.Build.0 = Release|Any CPU
		{213B0A31-9378-4F01-B0C2-72CE316E2587}.Debug|Any CPU.ActiveCfg = Debug|Any CPU
		{213B0A31-9378-4F01-B0C2-72CE316E2587}.Debug|Any CPU.Build.0 = Debug|Any CPU
		{213B0A31-9378-4F01-B0C2-72CE316E2587}.Release|Any CPU.ActiveCfg = Release|Any CPU
		{213B0A31-9378-4F01-B0C2-72CE316E2587}.Release|Any CPU.Build.0 = Release|Any CPU
		{425E9E6A-0180-48B4-AAE1-61A0BDCD8818}.Debug|Any CPU.ActiveCfg = Debug|Any CPU
		{425E9E6A-0180-48B4-AAE1-61A0BDCD8818}.Debug|Any CPU.Build.0 = Debug|Any CPU
		{425E9E6A-0180-48B4-AAE1-61A0BDCD8818}.Release|Any CPU.ActiveCfg = Release|Any CPU
		{425E9E6A-0180-48B4-AAE1-61A0BDCD8818}.Release|Any CPU.Build.0 = Release|Any CPU
		{1E621F5E-A56E-427D-8CB3-20AF9678684C}.Debug|Any CPU.ActiveCfg = Debug|Any CPU
		{1E621F5E-A56E-427D-8CB3-20AF9678684C}.Debug|Any CPU.Build.0 = Debug|Any CPU
		{1E621F5E-A56E-427D-8CB3-20AF9678684C}.Release|Any CPU.ActiveCfg = Release|Any CPU
		{1E621F5E-A56E-427D-8CB3-20AF9678684C}.Release|Any CPU.Build.0 = Release|Any CPU
		{20392E0A-6A61-4BA5-84E2-5193B5A5D0A1}.Debug|Any CPU.ActiveCfg = Debug|Any CPU
		{20392E0A-6A61-4BA5-84E2-5193B5A5D0A1}.Debug|Any CPU.Build.0 = Debug|Any CPU
		{20392E0A-6A61-4BA5-84E2-5193B5A5D0A1}.Release|Any CPU.ActiveCfg = Release|Any CPU
		{20392E0A-6A61-4BA5-84E2-5193B5A5D0A1}.Release|Any CPU.Build.0 = Release|Any CPU
		{C80A1F57-EF9D-4F73-A684-5372398F1E80}.Debug|Any CPU.ActiveCfg = Debug|Any CPU
		{C80A1F57-EF9D-4F73-A684-5372398F1E80}.Debug|Any CPU.Build.0 = Debug|Any CPU
		{C80A1F57-EF9D-4F73-A684-5372398F1E80}.Release|Any CPU.ActiveCfg = Release|Any CPU
		{C80A1F57-EF9D-4F73-A684-5372398F1E80}.Release|Any CPU.Build.0 = Release|Any CPU
		{F5673AF6-9238-45B7-978C-A9BF80586F2C}.Debug|Any CPU.ActiveCfg = Debug|Any CPU
		{F5673AF6-9238-45B7-978C-A9BF80586F2C}.Debug|Any CPU.Build.0 = Debug|Any CPU
		{F5673AF6-9238-45B7-978C-A9BF80586F2C}.Release|Any CPU.ActiveCfg = Release|Any CPU
		{F5673AF6-9238-45B7-978C-A9BF80586F2C}.Release|Any CPU.Build.0 = Release|Any CPU
		{EB5057F3-6079-42E2-82D6-31AFEB2C04DC}.Debug|Any CPU.ActiveCfg = Debug|Any CPU
		{EB5057F3-6079-42E2-82D6-31AFEB2C04DC}.Debug|Any CPU.Build.0 = Debug|Any CPU
		{EB5057F3-6079-42E2-82D6-31AFEB2C04DC}.Release|Any CPU.ActiveCfg = Release|Any CPU
		{EB5057F3-6079-42E2-82D6-31AFEB2C04DC}.Release|Any CPU.Build.0 = Release|Any CPU
		{281F0916-D3F4-4E19-AA75-327AEF8966B9}.Debug|Any CPU.ActiveCfg = Debug|Any CPU
		{281F0916-D3F4-4E19-AA75-327AEF8966B9}.Debug|Any CPU.Build.0 = Debug|Any CPU
		{281F0916-D3F4-4E19-AA75-327AEF8966B9}.Release|Any CPU.ActiveCfg = Release|Any CPU
		{281F0916-D3F4-4E19-AA75-327AEF8966B9}.Release|Any CPU.Build.0 = Release|Any CPU
		{C62AF004-A358-4CC3-B273-C8F66F00A693}.Debug|Any CPU.ActiveCfg = Debug|Any CPU
		{C62AF004-A358-4CC3-B273-C8F66F00A693}.Debug|Any CPU.Build.0 = Debug|Any CPU
		{C62AF004-A358-4CC3-B273-C8F66F00A693}.Release|Any CPU.ActiveCfg = Release|Any CPU
		{C62AF004-A358-4CC3-B273-C8F66F00A693}.Release|Any CPU.Build.0 = Release|Any CPU
		{AC1FC282-AA0C-4A18-8039-37DCEED37D57}.Debug|Any CPU.ActiveCfg = Debug|Any CPU
		{AC1FC282-AA0C-4A18-8039-37DCEED37D57}.Debug|Any CPU.Build.0 = Debug|Any CPU
		{AC1FC282-AA0C-4A18-8039-37DCEED37D57}.Release|Any CPU.ActiveCfg = Release|Any CPU
		{AC1FC282-AA0C-4A18-8039-37DCEED37D57}.Release|Any CPU.Build.0 = Release|Any CPU
		{84663C17-93A8-40EC-83D5-DD440152993D}.Debug|Any CPU.ActiveCfg = Debug|Any CPU
		{84663C17-93A8-40EC-83D5-DD440152993D}.Debug|Any CPU.Build.0 = Debug|Any CPU
		{84663C17-93A8-40EC-83D5-DD440152993D}.Release|Any CPU.ActiveCfg = Release|Any CPU
		{84663C17-93A8-40EC-83D5-DD440152993D}.Release|Any CPU.Build.0 = Release|Any CPU
		{1817BF3B-56DB-4137-91EB-7E8E33EF0565}.Debug|Any CPU.ActiveCfg = Debug|Any CPU
		{1817BF3B-56DB-4137-91EB-7E8E33EF0565}.Debug|Any CPU.Build.0 = Debug|Any CPU
		{1817BF3B-56DB-4137-91EB-7E8E33EF0565}.Release|Any CPU.ActiveCfg = Release|Any CPU
		{1817BF3B-56DB-4137-91EB-7E8E33EF0565}.Release|Any CPU.Build.0 = Release|Any CPU
		{1CFE8D41-8551-4B45-918B-5AF6B403C99A}.Debug|Any CPU.ActiveCfg = Debug|Any CPU
		{1CFE8D41-8551-4B45-918B-5AF6B403C99A}.Debug|Any CPU.Build.0 = Debug|Any CPU
		{1CFE8D41-8551-4B45-918B-5AF6B403C99A}.Release|Any CPU.ActiveCfg = Release|Any CPU
		{1CFE8D41-8551-4B45-918B-5AF6B403C99A}.Release|Any CPU.Build.0 = Release|Any CPU
		{7E5C4954-E4F6-4085-A467-C888506E2765}.Debug|Any CPU.ActiveCfg = Debug|Any CPU
		{7E5C4954-E4F6-4085-A467-C888506E2765}.Debug|Any CPU.Build.0 = Debug|Any CPU
		{7E5C4954-E4F6-4085-A467-C888506E2765}.Release|Any CPU.ActiveCfg = Release|Any CPU
		{7E5C4954-E4F6-4085-A467-C888506E2765}.Release|Any CPU.Build.0 = Release|Any CPU
		{30BBAF17-CF78-4B15-81FF-BF853D8AFDF9}.Debug|Any CPU.ActiveCfg = Debug|Any CPU
		{30BBAF17-CF78-4B15-81FF-BF853D8AFDF9}.Debug|Any CPU.Build.0 = Debug|Any CPU
		{30BBAF17-CF78-4B15-81FF-BF853D8AFDF9}.Release|Any CPU.ActiveCfg = Release|Any CPU
		{30BBAF17-CF78-4B15-81FF-BF853D8AFDF9}.Release|Any CPU.Build.0 = Release|Any CPU
		{D4D69E79-09ED-4131-86EB-1C3DFF1051F3}.Debug|Any CPU.ActiveCfg = Debug|Any CPU
		{D4D69E79-09ED-4131-86EB-1C3DFF1051F3}.Debug|Any CPU.Build.0 = Debug|Any CPU
		{D4D69E79-09ED-4131-86EB-1C3DFF1051F3}.Release|Any CPU.ActiveCfg = Release|Any CPU
		{D4D69E79-09ED-4131-86EB-1C3DFF1051F3}.Release|Any CPU.Build.0 = Release|Any CPU
		{4B8D5025-0ED3-4634-90FE-A0D03055643B}.Debug|Any CPU.ActiveCfg = Debug|Any CPU
		{4B8D5025-0ED3-4634-90FE-A0D03055643B}.Debug|Any CPU.Build.0 = Debug|Any CPU
		{4B8D5025-0ED3-4634-90FE-A0D03055643B}.Release|Any CPU.ActiveCfg = Release|Any CPU
		{4B8D5025-0ED3-4634-90FE-A0D03055643B}.Release|Any CPU.Build.0 = Release|Any CPU
		{1977BAAB-F2EB-46BD-9F01-8E2420242B38}.Debug|Any CPU.ActiveCfg = Debug|Any CPU
		{1977BAAB-F2EB-46BD-9F01-8E2420242B38}.Debug|Any CPU.Build.0 = Debug|Any CPU
		{1977BAAB-F2EB-46BD-9F01-8E2420242B38}.Release|Any CPU.ActiveCfg = Release|Any CPU
		{1977BAAB-F2EB-46BD-9F01-8E2420242B38}.Release|Any CPU.Build.0 = Release|Any CPU
	EndGlobalSection
	GlobalSection(SolutionProperties) = preSolution
		HideSolutionNode = FALSE
	EndGlobalSection
	GlobalSection(ExtensibilityGlobals) = postSolution
		SolutionGuid = {A5649666-7C19-47F2-A001-A728B891F8AE}
	EndGlobalSection
EndGlobal
